
Microsoft Visual Studio Solution File, Format Version 12.00
# Visual Studio Version 16
VisualStudioVersion = 16.0.29709.97
MinimumVisualStudioVersion = 10.0.40219.1
Project("{FAE04EC0-301F-11D3-BF4B-00C04F79EFBC}") = "Final Assignment", "Final Assignment\Final Assignment.csproj", "{C1195292-EC78-44C3-8FC8-6B40ECA8E08D}"
EndProject
Global
	GlobalSection(SolutionConfigurationPlatforms) = preSolution
		Debug|Any CPU = Debug|Any CPU
		Release|Any CPU = Release|Any CPU
	EndGlobalSection
	GlobalSection(ProjectConfigurationPlatforms) = postSolution
		{C1195292-EC78-44C3-8FC8-6B40ECA8E08D}.Debug|Any CPU.ActiveCfg = Debug|Any CPU
		{C1195292-EC78-44C3-8FC8-6B40ECA8E08D}.Debug|Any CPU.Build.0 = Debug|Any CPU
		{C1195292-EC78-44C3-8FC8-6B40ECA8E08D}.Release|Any CPU.ActiveCfg = Release|Any CPU
		{C1195292-EC78-44C3-8FC8-6B40ECA8E08D}.Release|Any CPU.Build.0 = Release|Any CPU
	EndGlobalSection
	GlobalSection(SolutionProperties) = preSolution
		HideSolutionNode = FALSE
	EndGlobalSection
	GlobalSection(ExtensibilityGlobals) = postSolution
		SolutionGuid = {A2E4F8CE-1EF0-4226-A58D-782122D423CA}
	EndGlobalSection
EndGlobal
